
Microsoft Visual Studio Solution File, Format Version 12.00
# Visual Studio Version 17
VisualStudioVersion = 17.9.34902.65
MinimumVisualStudioVersion = 10.0.40219.1
Project("{FAE04EC0-301F-11D3-BF4B-00C04F79EFBC}") = "CrudPolizas", "CrudPolizas\CrudPolizas.csproj", "{C408E35D-A621-4333-97D7-C7CC3831D58B}"
EndProject
Project("{FAE04EC0-301F-11D3-BF4B-00C04F79EFBC}") = "BaseDatos", "BaseDatos\BaseDatos.csproj", "{D0F5B801-ABEE-4669-BE31-8C94927A154E}"
EndProject
Project("{FAE04EC0-301F-11D3-BF4B-00C04F79EFBC}") = "Models", "Models\Models.csproj", "{7BF13925-DE24-4A21-9C51-1D959F1842F4}"
EndProject
Project("{FAE04EC0-301F-11D3-BF4B-00C04F79EFBC}") = "Interfaces", "Interface\Interfaces.csproj", "{A8673AEF-D5E6-4F47-A91F-59C7F6BC3547}"
EndProject
Project("{FAE04EC0-301F-11D3-BF4B-00C04F79EFBC}") = "Implementaciones", "Implementaciones\Implementaciones.csproj", "{8FE33C3A-FC08-41A6-B44F-73BB87C95C39}"
EndProject
Global
	GlobalSection(SolutionConfigurationPlatforms) = preSolution
		Debug|Any CPU = Debug|Any CPU
		Release|Any CPU = Release|Any CPU
	EndGlobalSection
	GlobalSection(ProjectConfigurationPlatforms) = postSolution
		{C408E35D-A621-4333-97D7-C7CC3831D58B}.Debug|Any CPU.ActiveCfg = Debug|Any CPU
		{C408E35D-A621-4333-97D7-C7CC3831D58B}.Debug|Any CPU.Build.0 = Debug|Any CPU
		{C408E35D-A621-4333-97D7-C7CC3831D58B}.Release|Any CPU.ActiveCfg = Release|Any CPU
		{C408E35D-A621-4333-97D7-C7CC3831D58B}.Release|Any CPU.Build.0 = Release|Any CPU
		{D0F5B801-ABEE-4669-BE31-8C94927A154E}.Debug|Any CPU.ActiveCfg = Debug|Any CPU
		{D0F5B801-ABEE-4669-BE31-8C94927A154E}.Debug|Any CPU.Build.0 = Debug|Any CPU
		{D0F5B801-ABEE-4669-BE31-8C94927A154E}.Release|Any CPU.ActiveCfg = Release|Any CPU
		{D0F5B801-ABEE-4669-BE31-8C94927A154E}.Release|Any CPU.Build.0 = Release|Any CPU
		{7BF13925-DE24-4A21-9C51-1D959F1842F4}.Debug|Any CPU.ActiveCfg = Debug|Any CPU
		{7BF13925-DE24-4A21-9C51-1D959F1842F4}.Debug|Any CPU.Build.0 = Debug|Any CPU
		{7BF13925-DE24-4A21-9C51-1D959F1842F4}.Release|Any CPU.ActiveCfg = Release|Any CPU
		{7BF13925-DE24-4A21-9C51-1D959F1842F4}.Release|Any CPU.Build.0 = Release|Any CPU
		{A8673AEF-D5E6-4F47-A91F-59C7F6BC3547}.Debug|Any CPU.ActiveCfg = Debug|Any CPU
		{A8673AEF-D5E6-4F47-A91F-59C7F6BC3547}.Debug|Any CPU.Build.0 = Debug|Any CPU
		{A8673AEF-D5E6-4F47-A91F-59C7F6BC3547}.Release|Any CPU.ActiveCfg = Release|Any CPU
		{A8673AEF-D5E6-4F47-A91F-59C7F6BC3547}.Release|Any CPU.Build.0 = Release|Any CPU
		{8FE33C3A-FC08-41A6-B44F-73BB87C95C39}.Debug|Any CPU.ActiveCfg = Debug|Any CPU
		{8FE33C3A-FC08-41A6-B44F-73BB87C95C39}.Debug|Any CPU.Build.0 = Debug|Any CPU
		{8FE33C3A-FC08-41A6-B44F-73BB87C95C39}.Release|Any CPU.ActiveCfg = Release|Any CPU
		{8FE33C3A-FC08-41A6-B44F-73BB87C95C39}.Release|Any CPU.Build.0 = Release|Any CPU
	EndGlobalSection
	GlobalSection(SolutionProperties) = preSolution
		HideSolutionNode = FALSE
	EndGlobalSection
	GlobalSection(ExtensibilityGlobals) = postSolution
		SolutionGuid = {13472561-E094-436B-B0E7-2B6D28D03415}
	EndGlobalSection
EndGlobal
